
Microsoft Visual Studio Solution File, Format Version 12.00
# Visual Studio Version 16
VisualStudioVersion = 16.0.31605.320
MinimumVisualStudioVersion = 10.0.40219.1
Project("{FAE04EC0-301F-11D3-BF4B-00C04F79EFBC}") = "24-ExercicioURI-1116 for", "24-ExercicioURI-1116 for\24-ExercicioURI-1116 for.csproj", "{DF44544D-A152-42DF-BD0E-FD87B3CC2EE6}"
EndProject
Global
	GlobalSection(SolutionConfigurationPlatforms) = preSolution
		Debug|Any CPU = Debug|Any CPU
		Release|Any CPU = Release|Any CPU
	EndGlobalSection
	GlobalSection(ProjectConfigurationPlatforms) = postSolution
		{DF44544D-A152-42DF-BD0E-FD87B3CC2EE6}.Debug|Any CPU.ActiveCfg = Debug|Any CPU
		{DF44544D-A152-42DF-BD0E-FD87B3CC2EE6}.Debug|Any CPU.Build.0 = Debug|Any CPU
		{DF44544D-A152-42DF-BD0E-FD87B3CC2EE6}.Release|Any CPU.ActiveCfg = Release|Any CPU
		{DF44544D-A152-42DF-BD0E-FD87B3CC2EE6}.Release|Any CPU.Build.0 = Release|Any CPU
	EndGlobalSection
	GlobalSection(SolutionProperties) = preSolution
		HideSolutionNode = FALSE
	EndGlobalSection
	GlobalSection(ExtensibilityGlobals) = postSolution
		SolutionGuid = {A749F81D-CA5C-4825-8223-92EFC54F8713}
	EndGlobalSection
EndGlobal
